Microsoft Visual Studio Solution File, Format Version 12.00
# Visual Studio 15
Project("{FAE04EC0-301F-11D3-BF4B-00C04F79EFBC}") = "Assembly-CSharp", "Assembly-CSharp.csproj", "{A8772218-EAD2-B321-308A-0A77C8F60932}"
EndProject
Project("{FAE04EC0-301F-11D3-BF4B-00C04F79EFBC}") = "XNode", "XNode.csproj", "{D8EA564A-BB62-80A9-9D4A-4C1F324A31DA}"
EndProject
Project("{FAE04EC0-301F-11D3-BF4B-00C04F79EFBC}") = "Assembly-CSharp-Editor", "Assembly-CSharp-Editor.csproj", "{8D268394-48A6-4621-6CCA-01692BB09399}"
EndProject
Project("{FAE04EC0-301F-11D3-BF4B-00C04F79EFBC}") = "XNodeEditor", "XNodeEditor.csproj", "{6E018555-50D2-85F2-D7E6-6340915A87B3}"
EndProject
Global
	GlobalSection(SolutionConfigurationPlatforms) = preSolution
		Debug|Any CPU = Debug|Any CPU
		Release|Any CPU = Release|Any CPU
	EndGlobalSection
	GlobalSection(ProjectConfigurationPlatforms) = postSolution
		{A8772218-EAD2-B321-308A-0A77C8F60932}.Debug|Any CPU.ActiveCfg = Debug|Any CPU
		{A8772218-EAD2-B321-308A-0A77C8F60932}.Debug|Any CPU.Build.0 = Debug|Any CPU
		{A8772218-EAD2-B321-308A-0A77C8F60932}.Release|Any CPU.ActiveCfg = Release|Any CPU
		{A8772218-EAD2-B321-308A-0A77C8F60932}.Release|Any CPU.Build.0 = Release|Any CPU
		{D8EA564A-BB62-80A9-9D4A-4C1F324A31DA}.Debug|Any CPU.ActiveCfg = Debug|Any CPU
		{D8EA564A-BB62-80A9-9D4A-4C1F324A31DA}.Debug|Any CPU.Build.0 = Debug|Any CPU
		{D8EA564A-BB62-80A9-9D4A-4C1F324A31DA}.Release|Any CPU.ActiveCfg = Release|Any CPU
		{D8EA564A-BB62-80A9-9D4A-4C1F324A31DA}.Release|Any CPU.Build.0 = Release|Any CPU
		{8D268394-48A6-4621-6CCA-01692BB09399}.Debug|Any CPU.ActiveCfg = Debug|Any CPU
		{8D268394-48A6-4621-6CCA-01692BB09399}.Debug|Any CPU.Build.0 = Debug|Any CPU
		{8D268394-48A6-4621-6CCA-01692BB09399}.Release|Any CPU.ActiveCfg = Release|Any CPU
		{8D268394-48A6-4621-6CCA-01692BB09399}.Release|Any CPU.Build.0 = Release|Any CPU
		{6E018555-50D2-85F2-D7E6-6340915A87B3}.Debug|Any CPU.ActiveCfg = Debug|Any CPU
		{6E018555-50D2-85F2-D7E6-6340915A87B3}.Debug|Any CPU.Build.0 = Debug|Any CPU
		{6E018555-50D2-85F2-D7E6-6340915A87B3}.Release|Any CPU.ActiveCfg = Release|Any CPU
		{6E018555-50D2-85F2-D7E6-6340915A87B3}.Release|Any CPU.Build.0 = Release|Any CPU
	EndGlobalSection
	GlobalSection(SolutionProperties) = preSolution
		HideSolutionNode = FALSE
	EndGlobalSection
EndGlobal
